// !$*UTF8*$!
{
	archiveVersion = 1;
	classes = {
	};
	objectVersion = 56;
	objects = {

/* Begin PBXBuildFile section */
		43042B1429557D05002252D3 /* ImageCanvas.swift in Sources */ = {isa = PBXBuildFile; fileRef = 43042B1329557D05002252D3 /* ImageCanvas.swift */; };
		436DEC212931D4CD00445495 /* VCPractice.swift in Sources */ = {isa = PBXBuildFile; fileRef = 436DEC202931D4CD00445495 /* VCPractice.swift */; };
		4374232E295308C900DF2380 /* ttt.swift in Sources */ = {isa = PBXBuildFile; fileRef = 4374232D295308C900DF2380 /* ttt.swift */; };
		4374233129530A4200DF2380 /* tttContainer.xcdatamodeld in Sources */ = {isa = PBXBuildFile; fileRef = 4374232F29530A4200DF2380 /* tttContainer.xcdatamodeld */; };
		43ABB73B29596CBE0005A4CD /* ModuleScrollView.swift in Sources */ = {isa = PBXBuildFile; fileRef = 43ABB73A29596CBE0005A4CD /* ModuleScrollView.swift */; };
		43ABB73D29596D4C0005A4CD /* Initializers.swift in Sources */ = {isa = PBXBuildFile; fileRef = 43ABB73C29596D4C0005A4CD /* Initializers.swift */; };
		43ABB73F29596FE10005A4CD /* VC.swift in Sources */ = {isa = PBXBuildFile; fileRef = 43ABB73E29596FE10005A4CD /* VC.swift */; };
		43ABB74429598CA20005A4CD /* PureImage.swift in Sources */ = {isa = PBXBuildFile; fileRef = 43ABB74329598CA20005A4CD /* PureImage.swift */; };
		43E67CCE2930446D008BDBCF /* spurtApp.swift in Sources */ = {isa = PBXBuildFile; fileRef = 43E67CCD2930446D008BDBCF /* spurtApp.swift */; };
		43E67CD02930446D008BDBCF /* ContentView.swift in Sources */ = {isa = PBXBuildFile; fileRef = 43E67CCF2930446D008BDBCF /* ContentView.swift */; };
		43E67CD22930446F008BDBCF /* Assets.xcassets in Resources */ = {isa = PBXBuildFile; fileRef = 43E67CD12930446F008BDBCF /* Assets.xcassets */; };
		43E67CD52930446F008BDBCF /* Preview Assets.xcassets in Resources */ = {isa = PBXBuildFile; fileRef = 43E67CD42930446F008BDBCF /* Preview Assets.xcassets */; };
		43E67CD72930446F008BDBCF /* Persistence.swift in Sources */ = {isa = PBXBuildFile; fileRef = 43E67CD62930446F008BDBCF /* Persistence.swift */; };
		43E67CDA2930446F008BDBCF /* spurt.xcdatamodeld in Sources */ = {isa = PBXBuildFile; fileRef = 43E67CD82930446F008BDBCF /* spurt.xcdatamodeld */; };
		43E67CE2293046C5008BDBCF /* DrawingScreen.swift in Sources */ = {isa = PBXBuildFile; fileRef = 43E67CE1293046C5008BDBCF /* DrawingScreen.swift */; };
		43E67CE4293064C1008BDBCF /* wow.pdf in Resources */ = {isa = PBXBuildFile; fileRef = 43E67CE3293064C1008BDBCF /* wow.pdf */; };
		43E67CE7293066D0008BDBCF /* DrawingViewModel.swift in Sources */ = {isa = PBXBuildFile; fileRef = 43E67CE6293066D0008BDBCF /* DrawingViewModel.swift */; };
		43E67CE92930B148008BDBCF /* NewDrawingScreen.swift in Sources */ = {isa = PBXBuildFile; fileRef = 43E67CE82930B148008BDBCF /* NewDrawingScreen.swift */; };
		43F5D0E62960039100749FC0 /* DrawingGestureRecognizer.swift in Sources */ = {isa = PBXBuildFile; fileRef = 43F5D0DF2960039100749FC0 /* DrawingGestureRecognizer.swift */; };
		43F5D0E72960039100749FC0 /* PDFAnnotationWithPath.swift in Sources */ = {isa = PBXBuildFile; fileRef = 43F5D0E02960039100749FC0 /* PDFAnnotationWithPath.swift */; };
		43F5D0E82960039100749FC0 /* PDFPage+Selection.swift in Sources */ = {isa = PBXBuildFile; fileRef = 43F5D0E12960039100749FC0 /* PDFPage+Selection.swift */; };
		43F5D0E92960039100749FC0 /* UIBezierPath+.swift in Sources */ = {isa = PBXBuildFile; fileRef = 43F5D0E22960039100749FC0 /* UIBezierPath+.swift */; };
		43F5D0EA2960039100749FC0 /* DrawingAnnotation.swift in Sources */ = {isa = PBXBuildFile; fileRef = 43F5D0E32960039100749FC0 /* DrawingAnnotation.swift */; };
		43F5D0EB2960039100749FC0 /* NonSelectablePDFView.swift in Sources */ = {isa = PBXBuildFile; fileRef = 43F5D0E42960039100749FC0 /* NonSelectablePDFView.swift */; };
		43F5D0EC2960039100749FC0 /* PDFDrawer.swift in Sources */ = {isa = PBXBuildFile; fileRef = 43F5D0E52960039100749FC0 /* PDFDrawer.swift */; };
		43F5D0EE2960059900749FC0 /* DocumentDrawingViewController.swift in Sources */ = {isa = PBXBuildFile; fileRef = 43F5D0ED2960059900749FC0 /* DocumentDrawingViewController.swift */; };
		43F5D0F02960063300749FC0 /* Way.swift in Sources */ = {isa = PBXBuildFile; fileRef = 43F5D0EF2960063300749FC0 /* Way.swift */; };
		43F5D0F2296016C100749FC0 /* Main.storyboard in Resources */ = {isa = PBXBuildFile; fileRef = 43F5D0F1296016C100749FC0 /* Main.storyboard */; };
		43F5D0F4296016C500749FC0 /* LaunchScreen.storyboard in Resources */ = {isa = PBXBuildFile; fileRef = 43F5D0F3296016C500749FC0 /* LaunchScreen.storyboard */; };
/* End PBXBuildFile section */

/* Begin PBXFileReference section */
		43042B1329557D05002252D3 /* ImageCanvas.swift */ = {isa = PBXFileReference; lastKnownFileType = sourcecode.swift; path = ImageCanvas.swift; sourceTree = "<group>"; };
		436DEC202931D4CD00445495 /* VCPractice.swift */ = {isa = PBXFileReference; lastKnownFileType = sourcecode.swift; path = VCPractice.swift; sourceTree = "<group>"; };
		4374232D295308C900DF2380 /* ttt.swift */ = {isa = PBXFileReference; lastKnownFileType = sourcecode.swift; path = ttt.swift; sourceTree = "<group>"; };
		4374233029530A4200DF2380 /* tttContainer.xcdatamodel */ = {isa = PBXFileReference; lastKnownFileType = wrapper.xcdatamodel; path = tttContainer.xcdatamodel; sourceTree = "<group>"; };
		43ABB73A29596CBE0005A4CD /* ModuleScrollView.swift */ = {isa = PBXFileReference; lastKnownFileType = sourcecode.swift; path = ModuleScrollView.swift; sourceTree = "<group>"; };
		43ABB73C29596D4C0005A4CD /* Initializers.swift */ = {isa = PBXFileReference; lastKnownFileType = sourcecode.swift; path = Initializers.swift; sourceTree = "<group>"; };
		43ABB73E29596FE10005A4CD /* VC.swift */ = {isa = PBXFileReference; lastKnownFileType = sourcecode.swift; path = VC.swift; sourceTree = "<group>"; };
		43ABB74329598CA20005A4CD /* PureImage.swift */ = {isa = PBXFileReference; lastKnownFileType = sourcecode.swift; path = PureImage.swift; sourceTree = "<group>"; };
		43E67CCA2930446D008BDBCF /* spurt.app */ = {isa = PBXFileReference; explicitFileType = wrapper.application; includeInIndex = 0; path = spurt.app; sourceTree = BUILT_PRODUCTS_DIR; };
		43E67CCD2930446D008BDBCF /* spurtApp.swift */ = {isa = PBXFileReference; lastKnownFileType = sourcecode.swift; path = spurtApp.swift; sourceTree = "<group>"; };
		43E67CCF2930446D008BDBCF /* ContentView.swift */ = {isa = PBXFileReference; lastKnownFileType = sourcecode.swift; path = ContentView.swift; sourceTree = "<group>"; };
		43E67CD12930446F008BDBCF /* Assets.xcassets */ = {isa = PBXFileReference; lastKnownFileType = folder.assetcatalog; path = Assets.xcassets; sourceTree = "<group>"; };
		43E67CD42930446F008BDBCF /* Preview Assets.xcassets */ = {isa = PBXFileReference; lastKnownFileType = folder.assetcatalog; path = "Preview Assets.xcassets"; sourceTree = "<group>"; };
		43E67CD62930446F008BDBCF /* Persistence.swift */ = {isa = PBXFileReference; lastKnownFileType = sourcecode.swift; path = Persistence.swift; sourceTree = "<group>"; };
		43E67CD92930446F008BDBCF /* spurt.xcdatamodel */ = {isa = PBXFileReference; lastKnownFileType = wrapper.xcdatamodel; path = spurt.xcdatamodel; sourceTree = "<group>"; };
		43E67CE1293046C5008BDBCF /* DrawingScreen.swift */ = {isa = PBXFileReference; lastKnownFileType = sourcecode.swift; path = DrawingScreen.swift; sourceTree = "<group>"; };
		43E67CE3293064C1008BDBCF /* wow.pdf */ = {isa = PBXFileReference; lastKnownFileType = image.pdf; path = wow.pdf; sourceTree = "<group>"; };
		43E67CE6293066D0008BDBCF /* DrawingViewModel.swift */ = {isa = PBXFileReference; lastKnownFileType = sourcecode.swift; path = DrawingViewModel.swift; sourceTree = "<group>"; };
		43E67CE82930B148008BDBCF /* NewDrawingScreen.swift */ = {isa = PBXFileReference; lastKnownFileType = sourcecode.swift; path = NewDrawingScreen.swift; sourceTree = "<group>"; };
		43F5D0DF2960039100749FC0 /* DrawingGestureRecognizer.swift */ = {isa = PBXFileReference; fileEncoding = 4; lastKnownFileType = sourcecode.swift; path = DrawingGestureRecognizer.swift; sourceTree = "<group>"; };
		43F5D0E02960039100749FC0 /* PDFAnnotationWithPath.swift */ = {isa = PBXFileReference; fileEncoding = 4; lastKnownFileType = sourcecode.swift; path = PDFAnnotationWithPath.swift; sourceTree = "<group>"; };
		43F5D0E12960039100749FC0 /* PDFPage+Selection.swift */ = {isa = PBXFileReference; fileEncoding = 4; lastKnownFileType = sourcecode.swift; path = "PDFPage+Selection.swift"; sourceTree = "<group>"; };
		43F5D0E22960039100749FC0 /* UIBezierPath+.swift */ = {isa = PBXFileReference; fileEncoding = 4; lastKnownFileType = sourcecode.swift; path = "UIBezierPath+.swift"; sourceTree = "<group>"; };
		43F5D0E32960039100749FC0 /* DrawingAnnotation.swift */ = {isa = PBXFileReference; fileEncoding = 4; lastKnownFileType = sourcecode.swift; path = DrawingAnnotation.swift; sourceTree = "<group>"; };
		43F5D0E42960039100749FC0 /* NonSelectablePDFView.swift */ = {isa = PBXFileReference; fileEncoding = 4; lastKnownFileType = sourcecode.swift; path = NonSelectablePDFView.swift; sourceTree = "<group>"; };
		43F5D0E52960039100749FC0 /* PDFDrawer.swift */ = {isa = PBXFileReference; fileEncoding = 4; lastKnownFileType = sourcecode.swift; path = PDFDrawer.swift; sourceTree = "<group>"; };
		43F5D0ED2960059900749FC0 /* DocumentDrawingViewController.swift */ = {isa = PBXFileReference; fileEncoding = 4; lastKnownFileType = sourcecode.swift; name = DocumentDrawingViewController.swift; path = spurt/DocumentDrawingViewController.swift; sourceTree = SOURCE_ROOT; };
		43F5D0EF2960063300749FC0 /* Way.swift */ = {isa = PBXFileReference; lastKnownFileType = sourcecode.swift; path = Way.swift; sourceTree = "<group>"; };
		43F5D0F1296016C100749FC0 /* Main.storyboard */ = {isa = PBXFileReference; fileEncoding = 4; lastKnownFileType = file.storyboard; name = Main.storyboard; path = spurt/Main.storyboard; sourceTree = SOURCE_ROOT; };
		43F5D0F3296016C500749FC0 /* LaunchScreen.storyboard */ = {isa = PBXFileReference; fileEncoding = 4; lastKnownFileType = file.storyboard; name = LaunchScreen.storyboard; path = spurt/LaunchScreen.storyboard; sourceTree = SOURCE_ROOT; };
/* End PBXFileReference section */

/* Begin PBXFrameworksBuildPhase section */
		43E67CC72930446D008BDBCF /* Frameworks */ = {
			isa = PBXFrameworksBuildPhase;
			buildActionMask = 2147483647;
			files = (
			);
			runOnlyForDeploymentPostprocessing = 0;
		};
/* End PBXFrameworksBuildPhase section */

/* Begin PBXGroup section */
		43042B1229557C6E002252D3 /* CoreDataPractice */ = {
			isa = PBXGroup;
			children = (
				4374232F29530A4200DF2380 /* tttContainer.xcdatamodeld */,
				43E67CD82930446F008BDBCF /* spurt.xcdatamodeld */,
				43E67CD62930446F008BDBCF /* Persistence.swift */,
				4374232D295308C900DF2380 /* ttt.swift */,
			);
			path = CoreDataPractice;
			sourceTree = "<group>";
		};
		43ABB740295971680005A4CD /* WithImage */ = {
			isa = PBXGroup;
			children = (
				43042B1329557D05002252D3 /* ImageCanvas.swift */,
				43ABB73A29596CBE0005A4CD /* ModuleScrollView.swift */,
				43ABB73C29596D4C0005A4CD /* Initializers.swift */,
				43ABB73E29596FE10005A4CD /* VC.swift */,
				43ABB74329598CA20005A4CD /* PureImage.swift */,
			);
			path = WithImage;
			sourceTree = "<group>";
		};
		43E67CC12930446D008BDBCF = {
			isa = PBXGroup;
			children = (
				43E67CCC2930446D008BDBCF /* spurt */,
				43E67CCB2930446D008BDBCF /* Products */,
			);
			sourceTree = "<group>";
		};
		43E67CCB2930446D008BDBCF /* Products */ = {
			isa = PBXGroup;
			children = (
				43E67CCA2930446D008BDBCF /* spurt.app */,
			);
			name = Products;
			sourceTree = "<group>";
		};
		43E67CCC2930446D008BDBCF /* spurt */ = {
			isa = PBXGroup;
			children = (
				43042B1229557C6E002252D3 /* CoreDataPractice */,
				43E67CE5293066B5008BDBCF /* ViewModel */,
				43E67CE02930465F008BDBCF /* View */,
				43E67CCD2930446D008BDBCF /* spurtApp.swift */,
				43E67CCF2930446D008BDBCF /* ContentView.swift */,
				43E67CE3293064C1008BDBCF /* wow.pdf */,
				43E67CD12930446F008BDBCF /* Assets.xcassets */,
				43E67CD32930446F008BDBCF /* Preview Content */,
				43ABB740295971680005A4CD /* WithImage */,
				43F5D0DE296002DE00749FC0 /* DrawingDetails */,
			);
			path = spurt;
			sourceTree = "<group>";
		};
		43E67CD32930446F008BDBCF /* Preview Content */ = {
			isa = PBXGroup;
			children = (
				43E67CD42930446F008BDBCF /* Preview Assets.xcassets */,
			);
			path = "Preview Content";
			sourceTree = "<group>";
		};
		43E67CE02930465F008BDBCF /* View */ = {
			isa = PBXGroup;
			children = (
				43E67CE1293046C5008BDBCF /* DrawingScreen.swift */,
				43E67CE82930B148008BDBCF /* NewDrawingScreen.swift */,
				436DEC202931D4CD00445495 /* VCPractice.swift */,
			);
			path = View;
			sourceTree = "<group>";
		};
		43E67CE5293066B5008BDBCF /* ViewModel */ = {
			isa = PBXGroup;
			children = (
				43E67CE6293066D0008BDBCF /* DrawingViewModel.swift */,
			);
			path = ViewModel;
			sourceTree = "<group>";
		};
		43F5D0DE296002DE00749FC0 /* DrawingDetails */ = {
			isa = PBXGroup;
			children = (
				43F5D0ED2960059900749FC0 /* DocumentDrawingViewController.swift */,
				43F5D0E32960039100749FC0 /* DrawingAnnotation.swift */,
				43F5D0DF2960039100749FC0 /* DrawingGestureRecognizer.swift */,
				43F5D0E42960039100749FC0 /* NonSelectablePDFView.swift */,
				43F5D0E02960039100749FC0 /* PDFAnnotationWithPath.swift */,
				43F5D0E52960039100749FC0 /* PDFDrawer.swift */,
				43F5D0E12960039100749FC0 /* PDFPage+Selection.swift */,
				43F5D0E22960039100749FC0 /* UIBezierPath+.swift */,
				43F5D0EF2960063300749FC0 /* Way.swift */,
				43F5D0F1296016C100749FC0 /* Main.storyboard */,
				43F5D0F3296016C500749FC0 /* LaunchScreen.storyboard */,
			);
			path = DrawingDetails;
			sourceTree = "<group>";
		};
/* End PBXGroup section */

/* Begin PBXNativeTarget section */
		43E67CC92930446D008BDBCF /* spurt */ = {
			isa = PBXNativeTarget;
			buildConfigurationList = 43E67CDD2930446F008BDBCF /* Build configuration list for PBXNativeTarget "spurt" */;
			buildPhases = (
				43E67CC62930446D008BDBCF /* Sources */,
				43E67CC72930446D008BDBCF /* Frameworks */,
				43E67CC82930446D008BDBCF /* Resources */,
			);
			buildRules = (
			);
			dependencies = (
			);
			name = spurt;
			productName = spurt;
			productReference = 43E67CCA2930446D008BDBCF /* spurt.app */;
			productType = "com.apple.product-type.application";
		};
/* End PBXNativeTarget section */

/* Begin PBXProject section */
		43E67CC22930446D008BDBCF /* Project object */ = {
			isa = PBXProject;
			attributes = {
				BuildIndependentTargetsInParallel = 1;
				LastSwiftUpdateCheck = 1410;
				LastUpgradeCheck = 1410;
				TargetAttributes = {
					43E67CC92930446D008BDBCF = {
						CreatedOnToolsVersion = 14.1;
					};
				};
			};
			buildConfigurationList = 43E67CC52930446D008BDBCF /* Build configuration list for PBXProject "spurt" */;
			compatibilityVersion = "Xcode 14.0";
			developmentRegion = en;
			hasScannedForEncodings = 0;
			knownRegions = (
				en,
				Base,
			);
			mainGroup = 43E67CC12930446D008BDBCF;
			productRefGroup = 43E67CCB2930446D008BDBCF /* Products */;
			projectDirPath = "";
			projectRoot = "";
			targets = (
				43E67CC92930446D008BDBCF /* spurt */,
			);
		};
/* End PBXProject section */

/* Begin PBXResourcesBuildPhase section */
		43E67CC82930446D008BDBCF /* Resources */ = {
			isa = PBXResourcesBuildPhase;
			buildActionMask = 2147483647;
			files = (
				43E67CD52930446F008BDBCF /* Preview Assets.xcassets in Resources */,
				43E67CE4293064C1008BDBCF /* wow.pdf in Resources */,
				43E67CD22930446F008BDBCF /* Assets.xcassets in Resources */,
				43F5D0F4296016C500749FC0 /* LaunchScreen.storyboard in Resources */,
				43F5D0F2296016C100749FC0 /* Main.storyboard in Resources */,
			);
			runOnlyForDeploymentPostprocessing = 0;
		};
/* End PBXResourcesBuildPhase section */

/* Begin PBXSourcesBuildPhase section */
		43E67CC62930446D008BDBCF /* Sources */ = {
			isa = PBXSourcesBuildPhase;
			buildActionMask = 2147483647;
			files = (
				43F5D0EE2960059900749FC0 /* DocumentDrawingViewController.swift in Sources */,
				43E67CE2293046C5008BDBCF /* DrawingScreen.swift in Sources */,
				43F5D0EA2960039100749FC0 /* DrawingAnnotation.swift in Sources */,
				43E67CDA2930446F008BDBCF /* spurt.xcdatamodeld in Sources */,
				43F5D0EC2960039100749FC0 /* PDFDrawer.swift in Sources */,
				43F5D0E82960039100749FC0 /* PDFPage+Selection.swift in Sources */,
				43ABB73D29596D4C0005A4CD /* Initializers.swift in Sources */,
				43F5D0EB2960039100749FC0 /* NonSelectablePDFView.swift in Sources */,
				4374233129530A4200DF2380 /* tttContainer.xcdatamodeld in Sources */,
				43E67CD72930446F008BDBCF /* Persistence.swift in Sources */,
				43ABB73B29596CBE0005A4CD /* ModuleScrollView.swift in Sources */,
				43042B1429557D05002252D3 /* ImageCanvas.swift in Sources */,
				43E67CD02930446D008BDBCF /* ContentView.swift in Sources */,
				43ABB73F29596FE10005A4CD /* VC.swift in Sources */,
				43ABB74429598CA20005A4CD /* PureImage.swift in Sources */,
				43F5D0E92960039100749FC0 /* UIBezierPath+.swift in Sources */,
				43E67CCE2930446D008BDBCF /* spurtApp.swift in Sources */,
				43F5D0E72960039100749FC0 /* PDFAnnotationWithPath.swift in Sources */,
				43E67CE7293066D0008BDBCF /* DrawingViewModel.swift in Sources */,
				43F5D0E62960039100749FC0 /* DrawingGestureRecognizer.swift in Sources */,
				43E67CE92930B148008BDBCF /* NewDrawingScreen.swift in Sources */,
				43F5D0F02960063300749FC0 /* Way.swift in Sources */,
				436DEC212931D4CD00445495 /* VCPractice.swift in Sources */,
				4374232E295308C900DF2380 /* ttt.swift in Sources */,
			);
			runOnlyForDeploymentPostprocessing = 0;
		};
/* End PBXSourcesBuildPhase section */

/* Begin XCBuildConfiguration section */
		43E67CDB2930446F008BDBCF /* Debug */ = {
			isa = XCBuildConfiguration;
			buildSettings = {
				ALWAYS_SEARCH_USER_PATHS = NO;
				CLANG_ANALYZER_NONNULL = YES;
				CLANG_ANALYZER_NUMBER_OBJECT_CONVERSION = YES_AGGRESSIVE;
				CLANG_CXX_LANGUAGE_STANDARD = "gnu++20";
				CLANG_ENABLE_MODULES = YES;
				CLANG_ENABLE_OBJC_ARC = YES;
				CLANG_ENABLE_OBJC_WEAK = YES;
				CLANG_WARN_BLOCK_CAPTURE_AUTORELEASING = YES;
				CLANG_WARN_BOOL_CONVERSION = YES;
				CLANG_WARN_COMMA = YES;
				CLANG_WARN_CONSTANT_CONVERSION = YES;
				CLANG_WARN_DEPRECATED_OBJC_IMPLEMENTATIONS = YES;
				CLANG_WARN_DIRECT_OBJC_ISA_USAGE = YES_ERROR;
				CLANG_WARN_DOCUMENTATION_COMMENTS = YES;
				CLANG_WARN_EMPTY_BODY = YES;
				CLANG_WARN_ENUM_CONVERSION = YES;
				CLANG_WARN_INFINITE_RECURSION = YES;
				CLANG_WARN_INT_CONVERSION = YES;
				CLANG_WARN_NON_LITERAL_NULL_CONVERSION = YES;
				CLANG_WARN_OBJC_IMPLICIT_RETAIN_SELF = YES;
				CLANG_WARN_OBJC_LITERAL_CONVERSION = YES;
				CLANG_WARN_OBJC_ROOT_CLASS = YES_ERROR;
				CLANG_WARN_QUOTED_INCLUDE_IN_FRAMEWORK_HEADER = YES;
				CLANG_WARN_RANGE_LOOP_ANALYSIS = YES;
				CLANG_WARN_STRICT_PROTOTYPES = YES;
				CLANG_WARN_SUSPICIOUS_MOVE = YES;
				CLANG_WARN_UNGUARDED_AVAILABILITY = YES_AGGRESSIVE;
				CLANG_WARN_UNREACHABLE_CODE = YES;
				CLANG_WARN__DUPLICATE_METHOD_MATCH = YES;
				COPY_PHASE_STRIP = NO;
				DEBUG_INFORMATION_FORMAT = dwarf;
				ENABLE_STRICT_OBJC_MSGSEND = YES;
				ENABLE_TESTABILITY = YES;
				GCC_C_LANGUAGE_STANDARD = gnu11;
				GCC_DYNAMIC_NO_PIC = NO;
				GCC_NO_COMMON_BLOCKS = YES;
				GCC_OPTIMIZATION_LEVEL = 0;
				GCC_PREPROCESSOR_DEFINITIONS = (
					"DEBUG=1",
					"$(inherited)",
				);
				GCC_WARN_64_TO_32_BIT_CONVERSION = YES;
				GCC_WARN_ABOUT_RETURN_TYPE = YES_ERROR;
				GCC_WARN_UNDECLARED_SELECTOR = YES;
				GCC_WARN_UNINITIALIZED_AUTOS = YES_AGGRESSIVE;
				GCC_WARN_UNUSED_FUNCTION = YES;
				GCC_WARN_UNUSED_VARIABLE = YES;
				IPHONEOS_DEPLOYMENT_TARGET = 16.1;
				MTL_ENABLE_DEBUG_INFO = INCLUDE_SOURCE;
				MTL_FAST_MATH = YES;
				ONLY_ACTIVE_ARCH = YES;
				SDKROOT = iphoneos;
				SWIFT_ACTIVE_COMPILATION_CONDITIONS = DEBUG;
				SWIFT_OPTIMIZATION_LEVEL = "-Onone";
			};
			name = Debug;
		};
		43E67CDC2930446F008BDBCF /* Release */ = {
			isa = XCBuildConfiguration;
			buildSettings = {
				ALWAYS_SEARCH_USER_PATHS = NO;
				CLANG_ANALYZER_NONNULL = YES;
				CLANG_ANALYZER_NUMBER_OBJECT_CONVERSION = YES_AGGRESSIVE;
				CLANG_CXX_LANGUAGE_STANDARD = "gnu++20";
				CLANG_ENABLE_MODULES = YES;
				CLANG_ENABLE_OBJC_ARC = YES;
				CLANG_ENABLE_OBJC_WEAK = YES;
				CLANG_WARN_BLOCK_CAPTURE_AUTORELEASING = YES;
				CLANG_WARN_BOOL_CONVERSION = YES;
				CLANG_WARN_COMMA = YES;
				CLANG_WARN_CONSTANT_CONVERSION = YES;
				CLANG_WARN_DEPRECATED_OBJC_IMPLEMENTATIONS = YES;
				CLANG_WARN_DIRECT_OBJC_ISA_USAGE = YES_ERROR;
				CLANG_WARN_DOCUMENTATION_COMMENTS = YES;
				CLANG_WARN_EMPTY_BODY = YES;
				CLANG_WARN_ENUM_CONVERSION = YES;
				CLANG_WARN_INFINITE_RECURSION = YES;
				CLANG_WARN_INT_CONVERSION = YES;
				CLANG_WARN_NON_LITERAL_NULL_CONVERSION = YES;
				CLANG_WARN_OBJC_IMPLICIT_RETAIN_SELF = YES;
				CLANG_WARN_OBJC_LITERAL_CONVERSION = YES;
				CLANG_WARN_OBJC_ROOT_CLASS = YES_ERROR;
				CLANG_WARN_QUOTED_INCLUDE_IN_FRAMEWORK_HEADER = YES;
				CLANG_WARN_RANGE_LOOP_ANALYSIS = YES;
				CLANG_WARN_STRICT_PROTOTYPES = YES;
				CLANG_WARN_SUSPICIOUS_MOVE = YES;
				CLANG_WARN_UNGUARDED_AVAILABILITY = YES_AGGRESSIVE;
				CLANG_WARN_UNREACHABLE_CODE = YES;
				CLANG_WARN__DUPLICATE_METHOD_MATCH = YES;
				COPY_PHASE_STRIP = NO;
				DEBUG_INFORMATION_FORMAT = "dwarf-with-dsym";
				ENABLE_NS_ASSERTIONS = NO;
				ENABLE_STRICT_OBJC_MSGSEND = YES;
				GCC_C_LANGUAGE_STANDARD = gnu11;
				GCC_NO_COMMON_BLOCKS = YES;
				GCC_WARN_64_TO_32_BIT_CONVERSION = YES;
				GCC_WARN_ABOUT_RETURN_TYPE = YES_ERROR;
				GCC_WARN_UNDECLARED_SELECTOR = YES;
				GCC_WARN_UNINITIALIZED_AUTOS = YES_AGGRESSIVE;
				GCC_WARN_UNUSED_FUNCTION = YES;
				GCC_WARN_UNUSED_VARIABLE = YES;
				IPHONEOS_DEPLOYMENT_TARGET = 16.1;
				MTL_ENABLE_DEBUG_INFO = NO;
				MTL_FAST_MATH = YES;
				SDKROOT = iphoneos;
				SWIFT_COMPILATION_MODE = wholemodule;
				SWIFT_OPTIMIZATION_LEVEL = "-O";
				VALIDATE_PRODUCT = YES;
			};
			name = Release;
		};
		43E67CDE2930446F008BDBCF /* Debug */ = {
			isa = XCBuildConfiguration;
			buildSettings = {
				ASSETCATALOG_COMPILER_APPICON_NAME = AppIcon;
				ASSETCATALOG_COMPILER_GLOBAL_ACCENT_COLOR_NAME = AccentColor;
				CODE_SIGN_STYLE = Automatic;
				CURRENT_PROJECT_VERSION = 1;
				DEVELOPMENT_ASSET_PATHS = "\"spurt/Preview Content\"";
				DEVELOPMENT_TEAM = 3U2JR7F29N;
				ENABLE_PREVIEWS = YES;
				GENERATE_INFOPLIST_FILE = YES;
				INFOPLIST_KEY_UIApplicationSceneManifest_Generation = YES;
				INFOPLIST_KEY_UIApplicationSupportsIndirectInputEvents = YES;
				INFOPLIST_KEY_UILaunchScreen_Generation = YES;
				INFOPLIST_KEY_UISupportedInterfaceOrientations_iPad = "UIInterfaceOrientationPortrait UIInterfaceOrientationPortraitUpsideDown UIInterfaceOrientationLandscapeLeft UIInterfaceOrientationLandscapeRight";
				INFOPLIST_KEY_UISupportedInterfaceOrientations_iPhone = "UIInterfaceOrientationPortrait UIInterfaceOrientationLandscapeLeft UIInterfaceOrientationLandscapeRight";
				LD_RUNPATH_SEARCH_PATHS = (
					"$(inherited)",
					"@executable_path/Frameworks",
				);
				MARKETING_VERSION = 1.0;
				PRODUCT_BUNDLE_IDENTIFIER = io.spurt.spurt;
				PRODUCT_NAME = "$(TARGET_NAME)";
				SUPPORTED_PLATFORMS = "iphoneos iphonesimulator";
				SUPPORTS_MACCATALYST = NO;
				SUPPORTS_MAC_DESIGNED_FOR_IPHONE_IPAD = YES;
				SWIFT_EMIT_LOC_STRINGS = YES;
				SWIFT_VERSION = 5.0;
				TARGETED_DEVICE_FAMILY = 2;
			};
			name = Debug;
		};
		43E67CDF2930446F008BDBCF /* Release */ = {
			isa = XCBuildConfiguration;
			buildSettings = {
				ASSETCATALOG_COMPILER_APPICON_NAME = AppIcon;
				ASSETCATALOG_COMPILER_GLOBAL_ACCENT_COLOR_NAME = AccentColor;
				CODE_SIGN_STYLE = Automatic;
				CURRENT_PROJECT_VERSION = 1;
				DEVELOPMENT_ASSET_PATHS = "\"spurt/Preview Content\"";
				DEVELOPMENT_TEAM = 3U2JR7F29N;
				ENABLE_PREVIEWS = YES;
				GENERATE_INFOPLIST_FILE = YES;
				INFOPLIST_KEY_UIApplicationSceneManifest_Generation = YES;
				INFOPLIST_KEY_UIApplicationSupportsIndirectInputEvents = YES;
				INFOPLIST_KEY_UILaunchScreen_Generation = YES;
				INFOPLIST_KEY_UISupportedInterfaceOrientations_iPad = "UIInterfaceOrientationPortrait UIInterfaceOrientationPortraitUpsideDown UIInterfaceOrientationLandscapeLeft UIInterfaceOrientationLandscapeRight";
				INFOPLIST_KEY_UISupportedInterfaceOrientations_iPhone = "UIInterfaceOrientationPortrait UIInterfaceOrientationLandscapeLeft UIInterfaceOrientationLandscapeRight";
				LD_RUNPATH_SEARCH_PATHS = (
					"$(inherited)",
					"@executable_path/Frameworks",
				);
				MARKETING_VERSION = 1.0;
				PRODUCT_BUNDLE_IDENTIFIER = io.spurt.spurt;
				PRODUCT_NAME = "$(TARGET_NAME)";
				SUPPORTED_PLATFORMS = "iphoneos iphonesimulator";
				SUPPORTS_MACCATALYST = NO;
				SUPPORTS_MAC_DESIGNED_FOR_IPHONE_IPAD = YES;
				SWIFT_EMIT_LOC_STRINGS = YES;
				SWIFT_VERSION = 5.0;
				TARGETED_DEVICE_FAMILY = 2;
			};
			name = Release;
		};
/* End XCBuildConfiguration section */

/* Begin XCConfigurationList section */
		43E67CC52930446D008BDBCF /* Build configuration list for PBXProject "spurt" */ = {
			isa = XCConfigurationList;
			buildConfigurations = (
				43E67CDB2930446F008BDBCF /* Debug */,
				43E67CDC2930446F008BDBCF /* Release */,
			);
			defaultConfigurationIsVisible = 0;
			defaultConfigurationName = Release;
		};
		43E67CDD2930446F008BDBCF /* Build configuration list for PBXNativeTarget "spurt" */ = {
			isa = XCConfigurationList;
			buildConfigurations = (
				43E67CDE2930446F008BDBCF /* Debug */,
				43E67CDF2930446F008BDBCF /* Release */,
			);
			defaultConfigurationIsVisible = 0;
			defaultConfigurationName = Release;
		};
/* End XCConfigurationList section */

/* Begin XCVersionGroup section */
		4374232F29530A4200DF2380 /* tttContainer.xcdatamodeld */ = {
			isa = XCVersionGroup;
			children = (
				4374233029530A4200DF2380 /* tttContainer.xcdatamodel */,
			);
			currentVersion = 4374233029530A4200DF2380 /* tttContainer.xcdatamodel */;
			path = tttContainer.xcdatamodeld;
			sourceTree = "<group>";
			versionGroupType = wrapper.xcdatamodel;
		};
		43E67CD82930446F008BDBCF /* spurt.xcdatamodeld */ = {
			isa = XCVersionGroup;
			children = (
				43E67CD92930446F008BDBCF /* spurt.xcdatamodel */,
			);
			currentVersion = 43E67CD92930446F008BDBCF /* spurt.xcdatamodel */;
			path = spurt.xcdatamodeld;
			sourceTree = "<group>";
			versionGroupType = wrapper.xcdatamodel;
		};
/* End XCVersionGroup section */
	};
	rootObject = 43E67CC22930446D008BDBCF /* Project object */;
}
